{
  "version": 4,
  "terraform_version": "0.12.7",
  "serial": 5,
  "lineage": "083074e3-3b92-7810-cc59-a38f6b9aa206",
  "outputs": {},
  "resources": [
    {
      "mode": "managed",
      "type": "google_project",
      "name": "project",
      "provider": "provider.google",
      "instances": [
        {
          "schema_version": 1,
          "attributes": {
            "app_engine": [],
            "auto_create_network": true,
            "billing_account": "01E466-740BAA-4FF9BD",
            "folder_id": "",
            "id": "ouzidev-testinfra",
            "labels": {},
            "name": "ouzidev-testinfra",
            "number": "978109659840",
            "org_id": "468884452428",
            "policy_data": null,
            "policy_etag": null,
            "project_id": "ouzidev-testinfra",
            "skip_delete": null,
            "timeouts": {
              "create": null,
              "delete": null,
              "read": null,
              "update": null
            }
          },
          "private": "eyJlMmJmYjczMC1lY2FhLTExZTYtOGY4OC0zNDM2M2JjN2M0YzAiOnsiY3JlYXRlIjoyNDAwMDAwMDAwMDAsImRlbGV0ZSI6MjQwMDAwMDAwMDAwLCJyZWFkIjoyNDAwMDAwMDAwMDAsInVwZGF0ZSI6MjQwMDAwMDAwMDAwfSwic2NoZW1hX3ZlcnNpb24iOiIxIn0="
        }
      ]
    },
    {
      "mode": "managed",
      "type": "google_project_services",
      "name": "main",
      "provider": "provider.google",
      "instances": [
        {
          "schema_version": 0,
          "attributes": {
            "disable_on_destroy": true,
            "id": "ouzidev-testinfra",
            "project": "ouzidev-testinfra",
            "services": [
              "bigquery-json.googleapis.com",
              "bigquerystorage.googleapis.com",
              "cloudapis.googleapis.com",
              "clouddebugger.googleapis.com",
              "cloudtrace.googleapis.com",
              "compute.googleapis.com",
              "container.googleapis.com",
              "containerregistry.googleapis.com",
              "datastore.googleapis.com",
              "dns.googleapis.com",
              "iam.googleapis.com",
              "iamcredentials.googleapis.com",
              "logging.googleapis.com",
              "monitoring.googleapis.com",
              "oslogin.googleapis.com",
              "pubsub.googleapis.com",
              "servicemanagement.googleapis.com",
              "serviceusage.googleapis.com",
              "sql-component.googleapis.com",
              "storage-api.googleapis.com",
              "storage-component.googleapis.com"
            ],
            "timeouts": null
          },
          "private": "eyJlMmJmYjczMC1lY2FhLTExZTYtOGY4OC0zNDM2M2JjN2M0YzAiOnsiY3JlYXRlIjoxMjAwMDAwMDAwMDAwLCJkZWxldGUiOjEyMDAwMDAwMDAwMDAsInJlYWQiOjYwMDAwMDAwMDAwMCwidXBkYXRlIjoxMjAwMDAwMDAwMDAwfX0="
        }
      ]
    },
    {
      "mode": "managed",
      "type": "google_storage_bucket",
      "name": "terraform-bucket",
      "provider": "provider.google",
      "instances": [
        {
          "schema_version": 0,
          "attributes": {
            "bucket_policy_only": false,
            "cors": [],
            "encryption": [],
            "force_destroy": true,
            "id": "ouzidev-testinfra",
            "labels": {},
            "lifecycle_rule": [],
            "location": "EU",
            "logging": [],
            "name": "ouzidev-testinfra",
            "predefined_acl": null,
            "project": "ouzidev-testinfra",
            "requester_pays": false,
            "retention_policy": [],
            "self_link": "https://www.googleapis.com/storage/v1/b/ouzidev-testinfra",
            "storage_class": "STANDARD",
            "url": "gs://ouzidev-testinfra",
            "versioning": [
              {
                "enabled": true
              }
            ],
            "website": []
          },
          "private": "bnVsbA==",
          "depends_on": [
            "google_project_services.main"
          ]
        }
      ]
    }
  ]
}
